// !$*UTF8*$!
{
	archiveVersion = 1;
	classes = {
	};
	objectVersion = 46;
	objects = {

/* Begin PBXBuildFile section */
		68F931481D07A60E0006BC8E /* main.m in Sources */ = {isa = PBXBuildFile; fileRef = 68F931471D07A60E0006BC8E /* main.m */; };
		68F9314B1D07A60E0006BC8E /* AppDelegate.m in Sources */ = {isa = PBXBuildFile; fileRef = 68F9314A1D07A60E0006BC8E /* AppDelegate.m */; };
		68F9314E1D07A60E0006BC8E /* ViewController.m in Sources */ = {isa = PBXBuildFile; fileRef = 68F9314D1D07A60E0006BC8E /* ViewController.m */; };
		68F931511D07A60E0006BC8E /* Main.storyboard in Resources */ = {isa = PBXBuildFile; fileRef = 68F9314F1D07A60E0006BC8E /* Main.storyboard */; };
		68F931531D07A60E0006BC8E /* Assets.xcassets in Resources */ = {isa = PBXBuildFile; fileRef = 68F931521D07A60E0006BC8E /* Assets.xcassets */; };
		68F931561D07A60E0006BC8E /* LaunchScreen.storyboard in Resources */ = {isa = PBXBuildFile; fileRef = 68F931541D07A60E0006BC8E /* LaunchScreen.storyboard */; };
		68F931611D07A60F0006BC8E /* cell___Tests.m in Sources */ = {isa = PBXBuildFile; fileRef = 68F931601D07A60F0006BC8E /* cell___Tests.m */; };
		68F9316C1D07A60F0006BC8E /* cell___UITests.m in Sources */ = {isa = PBXBuildFile; fileRef = 68F9316B1D07A60F0006BC8E /* cell___UITests.m */; };
		68F9319D1D07A92D0006BC8E /* AFHTTPSessionManager.m in Sources */ = {isa = PBXBuildFile; fileRef = 68F9317C1D07A92D0006BC8E /* AFHTTPSessionManager.m */; };
		68F9319E1D07A92D0006BC8E /* AFNetworkReachabilityManager.m in Sources */ = {isa = PBXBuildFile; fileRef = 68F9317F1D07A92D0006BC8E /* AFNetworkReachabilityManager.m */; };
		68F9319F1D07A92D0006BC8E /* AFSecurityPolicy.m in Sources */ = {isa = PBXBuildFile; fileRef = 68F931811D07A92D0006BC8E /* AFSecurityPolicy.m */; };
		68F931A01D07A92D0006BC8E /* AFURLRequestSerialization.m in Sources */ = {isa = PBXBuildFile; fileRef = 68F931831D07A92D0006BC8E /* AFURLRequestSerialization.m */; };
		68F931A11D07A92D0006BC8E /* AFURLResponseSerialization.m in Sources */ = {isa = PBXBuildFile; fileRef = 68F931851D07A92D0006BC8E /* AFURLResponseSerialization.m */; };
		68F931A21D07A92D0006BC8E /* AFURLSessionManager.m in Sources */ = {isa = PBXBuildFile; fileRef = 68F931871D07A92D0006BC8E /* AFURLSessionManager.m */; };
		68F931A31D07A92D0006BC8E /* AFAutoPurgingImageCache.m in Sources */ = {isa = PBXBuildFile; fileRef = 68F9318A1D07A92D0006BC8E /* AFAutoPurgingImageCache.m */; };
		68F931A41D07A92D0006BC8E /* AFImageDownloader.m in Sources */ = {isa = PBXBuildFile; fileRef = 68F9318C1D07A92D0006BC8E /* AFImageDownloader.m */; };
		68F931A51D07A92D0006BC8E /* AFNetworkActivityIndicatorManager.m in Sources */ = {isa = PBXBuildFile; fileRef = 68F9318E1D07A92D0006BC8E /* AFNetworkActivityIndicatorManager.m */; };
		68F931A61D07A92D0006BC8E /* UIActivityIndicatorView+AFNetworking.m in Sources */ = {isa = PBXBuildFile; fileRef = 68F931901D07A92D0006BC8E /* UIActivityIndicatorView+AFNetworking.m */; };
		68F931A71D07A92D0006BC8E /* UIButton+AFNetworking.m in Sources */ = {isa = PBXBuildFile; fileRef = 68F931921D07A92D0006BC8E /* UIButton+AFNetworking.m */; };
		68F931A81D07A92D0006BC8E /* UIImageView+AFNetworking.m in Sources */ = {isa = PBXBuildFile; fileRef = 68F931951D07A92D0006BC8E /* UIImageView+AFNetworking.m */; };
		68F931A91D07A92D0006BC8E /* UIProgressView+AFNetworking.m in Sources */ = {isa = PBXBuildFile; fileRef = 68F931981D07A92D0006BC8E /* UIProgressView+AFNetworking.m */; };
		68F931AA1D07A92D0006BC8E /* UIRefreshControl+AFNetworking.m in Sources */ = {isa = PBXBuildFile; fileRef = 68F9319A1D07A92D0006BC8E /* UIRefreshControl+AFNetworking.m */; };
		68F931AB1D07A92D0006BC8E /* UIWebView+AFNetworking.m in Sources */ = {isa = PBXBuildFile; fileRef = 68F9319C1D07A92D0006BC8E /* UIWebView+AFNetworking.m */; };
		68F931AE1D07B18C0006BC8E /* DataModel.m in Sources */ = {isa = PBXBuildFile; fileRef = 68F931AD1D07B18C0006BC8E /* DataModel.m */; };
		68F931D11D07B9BD0006BC8E /* MKAnnotationView+WebCache.m in Sources */ = {isa = PBXBuildFile; fileRef = 68F931B11D07B9BD0006BC8E /* MKAnnotationView+WebCache.m */; };
		68F931D21D07B9BD0006BC8E /* NSData+ImageContentType.m in Sources */ = {isa = PBXBuildFile; fileRef = 68F931B31D07B9BD0006BC8E /* NSData+ImageContentType.m */; };
		68F931D31D07B9BD0006BC8E /* SDImageCache.m in Sources */ = {isa = PBXBuildFile; fileRef = 68F931B51D07B9BD0006BC8E /* SDImageCache.m */; };
		68F931D41D07B9BD0006BC8E /* SDWebImageCompat.m in Sources */ = {isa = PBXBuildFile; fileRef = 68F931B71D07B9BD0006BC8E /* SDWebImageCompat.m */; };
		68F931D51D07B9BD0006BC8E /* SDWebImageDecoder.m in Sources */ = {isa = PBXBuildFile; fileRef = 68F931B91D07B9BD0006BC8E /* SDWebImageDecoder.m */; };
		68F931D61D07B9BD0006BC8E /* SDWebImageDownloader.m in Sources */ = {isa = PBXBuildFile; fileRef = 68F931BB1D07B9BD0006BC8E /* SDWebImageDownloader.m */; };
		68F931D71D07B9BD0006BC8E /* SDWebImageDownloaderOperation.m in Sources */ = {isa = PBXBuildFile; fileRef = 68F931BD1D07B9BD0006BC8E /* SDWebImageDownloaderOperation.m */; };
		68F931D81D07B9BD0006BC8E /* SDWebImageManager.m in Sources */ = {isa = PBXBuildFile; fileRef = 68F931BF1D07B9BD0006BC8E /* SDWebImageManager.m */; };
		68F931D91D07B9BD0006BC8E /* SDWebImagePrefetcher.m in Sources */ = {isa = PBXBuildFile; fileRef = 68F931C21D07B9BD0006BC8E /* SDWebImagePrefetcher.m */; };
		68F931DA1D07B9BD0006BC8E /* UIButton+WebCache.m in Sources */ = {isa = PBXBuildFile; fileRef = 68F931C41D07B9BD0006BC8E /* UIButton+WebCache.m */; };
		68F931DB1D07B9BD0006BC8E /* UIImage+GIF.m in Sources */ = {isa = PBXBuildFile; fileRef = 68F931C61D07B9BD0006BC8E /* UIImage+GIF.m */; };
		68F931DC1D07B9BD0006BC8E /* UIImage+MultiFormat.m in Sources */ = {isa = PBXBuildFile; fileRef = 68F931C81D07B9BD0006BC8E /* UIImage+MultiFormat.m */; };
		68F931DD1D07B9BD0006BC8E /* UIImage+WebP.m in Sources */ = {isa = PBXBuildFile; fileRef = 68F931CA1D07B9BD0006BC8E /* UIImage+WebP.m */; };
		68F931DE1D07B9BD0006BC8E /* UIImageView+HighlightedWebCache.m in Sources */ = {isa = PBXBuildFile; fileRef = 68F931CC1D07B9BD0006BC8E /* UIImageView+HighlightedWebCache.m */; };
		68F931DF1D07B9BD0006BC8E /* UIImageView+WebCache.m in Sources */ = {isa = PBXBuildFile; fileRef = 68F931CE1D07B9BD0006BC8E /* UIImageView+WebCache.m */; };
		68F931E01D07B9BD0006BC8E /* UIView+WebCacheOperation.m in Sources */ = {isa = PBXBuildFile; fileRef = 68F931D01D07B9BD0006BC8E /* UIView+WebCacheOperation.m */; };
/* End PBXBuildFile section */

/* Begin PBXContainerItemProxy section */
		68F9315D1D07A60F0006BC8E /* PBXContainerItemProxy */ = {
			isa = PBXContainerItemProxy;
			containerPortal = 68F9313B1D07A60E0006BC8E /* Project object */;
			proxyType = 1;
			remoteGlobalIDString = 68F931421D07A60E0006BC8E;
			remoteInfo = "cell自适应";
		};
		68F931681D07A60F0006BC8E /* PBXContainerItemProxy */ = {
			isa = PBXContainerItemProxy;
			containerPortal = 68F9313B1D07A60E0006BC8E /* Project object */;
			proxyType = 1;
			remoteGlobalIDString = 68F931421D07A60E0006BC8E;
			remoteInfo = "cell自适应";
		};
/* End PBXContainerItemProxy section */

/* Begin PBXFileReference section */
		68F931431D07A60E0006BC8E /* cell自适应.app */ = {isa = PBXFileReference; explicitFileType = wrapper.application; includeInIndex = 0; path = "cell自适应.app"; sourceTree = BUILT_PRODUCTS_DIR; };
		68F931471D07A60E0006BC8E /* main.m */ = {isa = PBXFileReference; lastKnownFileType = sourcecode.c.objc; path = main.m; sourceTree = "<group>"; };
		68F931491D07A60E0006BC8E /* AppDelegate.h */ = {isa = PBXFileReference; lastKnownFileType = sourcecode.c.h; path = AppDelegate.h; sourceTree = "<group>"; };
		68F9314A1D07A60E0006BC8E /* AppDelegate.m */ = {isa = PBXFileReference; lastKnownFileType = sourcecode.c.objc; path = AppDelegate.m; sourceTree = "<group>"; };
		68F9314C1D07A60E0006BC8E /* ViewController.h */ = {isa = PBXFileReference; lastKnownFileType = sourcecode.c.h; path = ViewController.h; sourceTree = "<group>"; };
		68F9314D1D07A60E0006BC8E /* ViewController.m */ = {isa = PBXFileReference; lastKnownFileType = sourcecode.c.objc; path = ViewController.m; sourceTree = "<group>"; };
		68F931501D07A60E0006BC8E /* Base */ = {isa = PBXFileReference; lastKnownFileType = file.storyboard; name = Base; path = Base.lproj/Main.storyboard; sourceTree = "<group>"; };
		68F931521D07A60E0006BC8E /* Assets.xcassets */ = {isa = PBXFileReference; lastKnownFileType = folder.assetcatalog; path = Assets.xcassets; sourceTree = "<group>"; };
		68F931551D07A60E0006BC8E /* Base */ = {isa = PBXFileReference; lastKnownFileType = file.storyboard; name = Base; path = Base.lproj/LaunchScreen.storyboard; sourceTree = "<group>"; };
		68F931571D07A60E0006BC8E /* Info.plist */ = {isa = PBXFileReference; lastKnownFileType = text.plist.xml; path = Info.plist; sourceTree = "<group>"; };
		68F9315C1D07A60F0006BC8E /* cell自适应Tests.xctest */ = {isa = PBXFileReference; explicitFileType = wrapper.cfbundle; includeInIndex = 0; path = "cell自适应Tests.xctest"; sourceTree = BUILT_PRODUCTS_DIR; };
		68F931601D07A60F0006BC8E /* cell___Tests.m */ = {isa = PBXFileReference; lastKnownFileType = sourcecode.c.objc; path = "cell___Tests.m"; sourceTree = "<group>"; };
		68F931621D07A60F0006BC8E /* Info.plist */ = {isa = PBXFileReference; lastKnownFileType = text.plist.xml; path = Info.plist; sourceTree = "<group>"; };
		68F931671D07A60F0006BC8E /* cell自适应UITests.xctest */ = {isa = PBXFileReference; explicitFileType = wrapper.cfbundle; includeInIndex = 0; path = "cell自适应UITests.xctest"; sourceTree = BUILT_PRODUCTS_DIR; };
		68F9316B1D07A60F0006BC8E /* cell___UITests.m */ = {isa = PBXFileReference; lastKnownFileType = sourcecode.c.objc; path = "cell___UITests.m"; sourceTree = "<group>"; };
		68F9316D1D07A60F0006BC8E /* Info.plist */ = {isa = PBXFileReference; lastKnownFileType = text.plist.xml; path = Info.plist; sourceTree = "<group>"; };
		68F9317B1D07A92D0006BC8E /* AFHTTPSessionManager.h */ = {isa = PBXFileReference; fileEncoding = 4; lastKnownFileType = sourcecode.c.h; path = AFHTTPSessionManager.h; sourceTree = "<group>"; };
		68F9317C1D07A92D0006BC8E /* AFHTTPSessionManager.m */ = {isa = PBXFileReference; fileEncoding = 4; lastKnownFileType = sourcecode.c.objc; path = AFHTTPSessionManager.m; sourceTree = "<group>"; };
		68F9317D1D07A92D0006BC8E /* AFNetworking.h */ = {isa = PBXFileReference; fileEncoding = 4; lastKnownFileType = sourcecode.c.h; path = AFNetworking.h; sourceTree = "<group>"; };
		68F9317E1D07A92D0006BC8E /* AFNetworkReachabilityManager.h */ = {isa = PBXFileReference; fileEncoding = 4; lastKnownFileType = sourcecode.c.h; path = AFNetworkReachabilityManager.h; sourceTree = "<group>"; };
		68F9317F1D07A92D0006BC8E /* AFNetworkReachabilityManager.m */ = {isa = PBXFileReference; fileEncoding = 4; lastKnownFileType = sourcecode.c.objc; path = AFNetworkReachabilityManager.m; sourceTree = "<group>"; };
		68F931801D07A92D0006BC8E /* AFSecurityPolicy.h */ = {isa = PBXFileReference; fileEncoding = 4; lastKnownFileType = sourcecode.c.h; path = AFSecurityPolicy.h; sourceTree = "<group>"; };
		68F931811D07A92D0006BC8E /* AFSecurityPolicy.m */ = {isa = PBXFileReference; fileEncoding = 4; lastKnownFileType = sourcecode.c.objc; path = AFSecurityPolicy.m; sourceTree = "<group>"; };
		68F931821D07A92D0006BC8E /* AFURLRequestSerialization.h */ = {isa = PBXFileReference; fileEncoding = 4; lastKnownFileType = sourcecode.c.h; path = AFURLRequestSerialization.h; sourceTree = "<group>"; };
		68F931831D07A92D0006BC8E /* AFURLRequestSerialization.m */ = {isa = PBXFileReference; fileEncoding = 4; lastKnownFileType = sourcecode.c.objc; path = AFURLRequestSerialization.m; sourceTree = "<group>"; };
		68F931841D07A92D0006BC8E /* AFURLResponseSerialization.h */ = {isa = PBXFileReference; fileEncoding = 4; lastKnownFileType = sourcecode.c.h; path = AFURLResponseSerialization.h; sourceTree = "<group>"; };
		68F931851D07A92D0006BC8E /* AFURLResponseSerialization.m */ = {isa = PBXFileReference; fileEncoding = 4; lastKnownFileType = sourcecode.c.objc; path = AFURLResponseSerialization.m; sourceTree = "<group>"; };
		68F931861D07A92D0006BC8E /* AFURLSessionManager.h */ = {isa = PBXFileReference; fileEncoding = 4; lastKnownFileType = sourcecode.c.h; path = AFURLSessionManager.h; sourceTree = "<group>"; };
		68F931871D07A92D0006BC8E /* AFURLSessionManager.m */ = {isa = PBXFileReference; fileEncoding = 4; lastKnownFileType = sourcecode.c.objc; path = AFURLSessionManager.m; sourceTree = "<group>"; };
		68F931891D07A92D0006BC8E /* AFAutoPurgingImageCache.h */ = {isa = PBXFileReference; fileEncoding = 4; lastKnownFileType = sourcecode.c.h; path = AFAutoPurgingImageCache.h; sourceTree = "<group>"; };
		68F9318A1D07A92D0006BC8E /* AFAutoPurgingImageCache.m */ = {isa = PBXFileReference; fileEncoding = 4; lastKnownFileType = sourcecode.c.objc; path = AFAutoPurgingImageCache.m; sourceTree = "<group>"; };
		68F9318B1D07A92D0006BC8E /* AFImageDownloader.h */ = {isa = PBXFileReference; fileEncoding = 4; lastKnownFileType = sourcecode.c.h; path = AFImageDownloader.h; sourceTree = "<group>"; };
		68F9318C1D07A92D0006BC8E /* AFImageDownloader.m */ = {isa = PBXFileReference; fileEncoding = 4; lastKnownFileType = sourcecode.c.objc; path = AFImageDownloader.m; sourceTree = "<group>"; };
		68F9318D1D07A92D0006BC8E /* AFNetworkActivityIndicatorManager.h */ = {isa = PBXFileReference; fileEncoding = 4; lastKnownFileType = sourcecode.c.h; path = AFNetworkActivityIndicatorManager.h; sourceTree = "<group>"; };
		68F9318E1D07A92D0006BC8E /* AFNetworkActivityIndicatorManager.m */ = {isa = PBXFileReference; fileEncoding = 4; lastKnownFileType = sourcecode.c.objc; path = AFNetworkActivityIndicatorManager.m; sourceTree = "<group>"; };
		68F9318F1D07A92D0006BC8E /* UIActivityIndicatorView+AFNetworking.h */ = {isa = PBXFileReference; fileEncoding = 4; lastKnownFileType = sourcecode.c.h; path = "UIActivityIndicatorView+AFNetworking.h"; sourceTree = "<group>"; };
		68F931901D07A92D0006BC8E /* UIActivityIndicatorView+AFNetworking.m */ = {isa = PBXFileReference; fileEncoding = 4; lastKnownFileType = sourcecode.c.objc; path = "UIActivityIndicatorView+AFNetworking.m"; sourceTree = "<group>"; };
		68F931911D07A92D0006BC8E /* UIButton+AFNetworking.h */ = {isa = PBXFileReference; fileEncoding = 4; lastKnownFileType = sourcecode.c.h; path = "UIButton+AFNetworking.h"; sourceTree = "<group>"; };
		68F931921D07A92D0006BC8E /* UIButton+AFNetworking.m */ = {isa = PBXFileReference; fileEncoding = 4; lastKnownFileType = sourcecode.c.objc; path = "UIButton+AFNetworking.m"; sourceTree = "<group>"; };
		68F931931D07A92D0006BC8E /* UIImage+AFNetworking.h */ = {isa = PBXFileReference; fileEncoding = 4; lastKnownFileType = sourcecode.c.h; path = "UIImage+AFNetworking.h"; sourceTree = "<group>"; };
		68F931941D07A92D0006BC8E /* UIImageView+AFNetworking.h */ = {isa = PBXFileReference; fileEncoding = 4; lastKnownFileType = sourcecode.c.h; path = "UIImageView+AFNetworking.h"; sourceTree = "<group>"; };
		68F931951D07A92D0006BC8E /* UIImageView+AFNetworking.m */ = {isa = PBXFileReference; fileEncoding = 4; lastKnownFileType = sourcecode.c.objc; path = "UIImageView+AFNetworking.m"; sourceTree = "<group>"; };
		68F931961D07A92D0006BC8E /* UIKit+AFNetworking.h */ = {isa = PBXFileReference; fileEncoding = 4; lastKnownFileType = sourcecode.c.h; path = "UIKit+AFNetworking.h"; sourceTree = "<group>"; };
		68F931971D07A92D0006BC8E /* UIProgressView+AFNetworking.h */ = {isa = PBXFileReference; fileEncoding = 4; lastKnownFileType = sourcecode.c.h; path = "UIProgressView+AFNetworking.h"; sourceTree = "<group>"; };
		68F931981D07A92D0006BC8E /* UIProgressView+AFNetworking.m */ = {isa = PBXFileReference; fileEncoding = 4; lastKnownFileType = sourcecode.c.objc; path = "UIProgressView+AFNetworking.m"; sourceTree = "<group>"; };
		68F931991D07A92D0006BC8E /* UIRefreshControl+AFNetworking.h */ = {isa = PBXFileReference; fileEncoding = 4; lastKnownFileType = sourcecode.c.h; path = "UIRefreshControl+AFNetworking.h"; sourceTree = "<group>"; };
		68F9319A1D07A92D0006BC8E /* UIRefreshControl+AFNetworking.m */ = {isa = PBXFileReference; fileEncoding = 4; lastKnownFileType = sourcecode.c.objc; path = "UIRefreshControl+AFNetworking.m"; sourceTree = "<group>"; };
		68F9319B1D07A92D0006BC8E /* UIWebView+AFNetworking.h */ = {isa = PBXFileReference; fileEncoding = 4; lastKnownFileType = sourcecode.c.h; path = "UIWebView+AFNetworking.h"; sourceTree = "<group>"; };
		68F9319C1D07A92D0006BC8E /* UIWebView+AFNetworking.m */ = {isa = PBXFileReference; fileEncoding = 4; lastKnownFileType = sourcecode.c.objc; path = "UIWebView+AFNetworking.m"; sourceTree = "<group>"; };
		68F931AC1D07B18C0006BC8E /* DataModel.h */ = {isa = PBXFileReference; fileEncoding = 4; lastKnownFileType = sourcecode.c.h; path = DataModel.h; sourceTree = "<group>"; };
		68F931AD1D07B18C0006BC8E /* DataModel.m */ = {isa = PBXFileReference; fileEncoding = 4; lastKnownFileType = sourcecode.c.objc; path = DataModel.m; sourceTree = "<group>"; };
		68F931B01D07B9BD0006BC8E /* MKAnnotationView+WebCache.h */ = {isa = PBXFileReference; fileEncoding = 4; lastKnownFileType = sourcecode.c.h; path = "MKAnnotationView+WebCache.h"; sourceTree = "<group>"; };
		68F931B11D07B9BD0006BC8E /* MKAnnotationView+WebCache.m */ = {isa = PBXFileReference; fileEncoding = 4; lastKnownFileType = sourcecode.c.objc; path = "MKAnnotationView+WebCache.m"; sourceTree = "<group>"; };
		68F931B21D07B9BD0006BC8E /* NSData+ImageContentType.h */ = {isa = PBXFileReference; fileEncoding = 4; lastKnownFileType = sourcecode.c.h; path = "NSData+ImageContentType.h"; sourceTree = "<group>"; };
		68F931B31D07B9BD0006BC8E /* NSData+ImageContentType.m */ = {isa = PBXFileReference; fileEncoding = 4; lastKnownFileType = sourcecode.c.objc; path = "NSData+ImageContentType.m"; sourceTree = "<group>"; };
		68F931B41D07B9BD0006BC8E /* SDImageCache.h */ = {isa = PBXFileReference; fileEncoding = 4; lastKnownFileType = sourcecode.c.h; path = SDImageCache.h; sourceTree = "<group>"; };
		68F931B51D07B9BD0006BC8E /* SDImageCache.m */ = {isa = PBXFileReference; fileEncoding = 4; lastKnownFileType = sourcecode.c.objc; path = SDImageCache.m; sourceTree = "<group>"; };
		68F931B61D07B9BD0006BC8E /* SDWebImageCompat.h */ = {isa = PBXFileReference; fileEncoding = 4; lastKnownFileType = sourcecode.c.h; path = SDWebImageCompat.h; sourceTree = "<group>"; };
		68F931B71D07B9BD0006BC8E /* SDWebImageCompat.m */ = {isa = PBXFileReference; fileEncoding = 4; lastKnownFileType = sourcecode.c.objc; path = SDWebImageCompat.m; sourceTree = "<group>"; };
		68F931B81D07B9BD0006BC8E /* SDWebImageDecoder.h */ = {isa = PBXFileReference; fileEncoding = 4; lastKnownFileType = sourcecode.c.h; path = SDWebImageDecoder.h; sourceTree = "<group>"; };
		68F931B91D07B9BD0006BC8E /* SDWebImageDecoder.m */ = {isa = PBXFileReference; fileEncoding = 4; lastKnownFileType = sourcecode.c.objc; path = SDWebImageDecoder.m; sourceTree = "<group>"; };
		68F931BA1D07B9BD0006BC8E /* SDWebImageDownloader.h */ = {isa = PBXFileReference; fileEncoding = 4; lastKnownFileType = sourcecode.c.h; path = SDWebImageDownloader.h; sourceTree = "<group>"; };
		68F931BB1D07B9BD0006BC8E /* SDWebImageDownloader.m */ = {isa = PBXFileReference; fileEncoding = 4; lastKnownFileType = sourcecode.c.objc; path = SDWebImageDownloader.m; sourceTree = "<group>"; };
		68F931BC1D07B9BD0006BC8E /* SDWebImageDownloaderOperation.h */ = {isa = PBXFileReference; fileEncoding = 4; lastKnownFileType = sourcecode.c.h; path = SDWebImageDownloaderOperation.h; sourceTree = "<group>"; };
		68F931BD1D07B9BD0006BC8E /* SDWebImageDownloaderOperation.m */ = {isa = PBXFileReference; fileEncoding = 4; lastKnownFileType = sourcecode.c.objc; path = SDWebImageDownloaderOperation.m; sourceTree = "<group>"; };
		68F931BE1D07B9BD0006BC8E /* SDWebImageManager.h */ = {isa = PBXFileReference; fileEncoding = 4; lastKnownFileType = sourcecode.c.h; path = SDWebImageManager.h; sourceTree = "<group>"; };
		68F931BF1D07B9BD0006BC8E /* SDWebImageManager.m */ = {isa = PBXFileReference; fileEncoding = 4; lastKnownFileType = sourcecode.c.objc; path = SDWebImageManager.m; sourceTree = "<group>"; };
		68F931C01D07B9BD0006BC8E /* SDWebImageOperation.h */ = {isa = PBXFileReference; fileEncoding = 4; lastKnownFileType = sourcecode.c.h; path = SDWebImageOperation.h; sourceTree = "<group>"; };
		68F931C11D07B9BD0006BC8E /* SDWebImagePrefetcher.h */ = {isa = PBXFileReference; fileEncoding = 4; lastKnownFileType = sourcecode.c.h; path = SDWebImagePrefetcher.h; sourceTree = "<group>"; };
		68F931C21D07B9BD0006BC8E /* SDWebImagePrefetcher.m */ = {isa = PBXFileReference; fileEncoding = 4; lastKnownFileType = sourcecode.c.objc; path = SDWebImagePrefetcher.m; sourceTree = "<group>"; };
		68F931C31D07B9BD0006BC8E /* UIButton+WebCache.h */ = {isa = PBXFileReference; fileEncoding = 4; lastKnownFileType = sourcecode.c.h; path = "UIButton+WebCache.h"; sourceTree = "<group>"; };
		68F931C41D07B9BD0006BC8E /* UIButton+WebCache.m */ = {isa = PBXFileReference; fileEncoding = 4; lastKnownFileType = sourcecode.c.objc; path = "UIButton+WebCache.m"; sourceTree = "<group>"; };
		68F931C51D07B9BD0006BC8E /* UIImage+GIF.h */ = {isa = PBXFileReference; fileEncoding = 4; lastKnownFileType = sourcecode.c.h; path = "UIImage+GIF.h"; sourceTree = "<group>"; };
		68F931C61D07B9BD0006BC8E /* UIImage+GIF.m */ = {isa = PBXFileReference; fileEncoding = 4; lastKnownFileType = sourcecode.c.objc; path = "UIImage+GIF.m"; sourceTree = "<group>"; };
		68F931C71D07B9BD0006BC8E /* UIImage+MultiFormat.h */ = {isa = PBXFileReference; fileEncoding = 4; lastKnownFileType = sourcecode.c.h; path = "UIImage+MultiFormat.h"; sourceTree = "<group>"; };
		68F931C81D07B9BD0006BC8E /* UIImage+MultiFormat.m */ = {isa = PBXFileReference; fileEncoding = 4; lastKnownFileType = sourcecode.c.objc; path = "UIImage+MultiFormat.m"; sourceTree = "<group>"; };
		68F931C91D07B9BD0006BC8E /* UIImage+WebP.h */ = {isa = PBXFileReference; fileEncoding = 4; lastKnownFileType = sourcecode.c.h; path = "UIImage+WebP.h"; sourceTree = "<group>"; };
		68F931CA1D07B9BD0006BC8E /* UIImage+WebP.m */ = {isa = PBXFileReference; fileEncoding = 4; lastKnownFileType = sourcecode.c.objc; path = "UIImage+WebP.m"; sourceTree = "<group>"; };
		68F931CB1D07B9BD0006BC8E /* UIImageView+HighlightedWebCache.h */ = {isa = PBXFileReference; fileEncoding = 4; lastKnownFileType = sourcecode.c.h; path = "UIImageView+HighlightedWebCache.h"; sourceTree = "<group>"; };
		68F931CC1D07B9BD0006BC8E /* UIImageView+HighlightedWebCache.m */ = {isa = PBXFileReference; fileEncoding = 4; lastKnownFileType = sourcecode.c.objc; path = "UIImageView+HighlightedWebCache.m"; sourceTree = "<group>"; };
		68F931CD1D07B9BD0006BC8E /* UIImageView+WebCache.h */ = {isa = PBXFileReference; fileEncoding = 4; lastKnownFileType = sourcecode.c.h; path = "UIImageView+WebCache.h"; sourceTree = "<group>"; };
		68F931CE1D07B9BD0006BC8E /* UIImageView+WebCache.m */ = {isa = PBXFileReference; fileEncoding = 4; lastKnownFileType = sourcecode.c.objc; path = "UIImageView+WebCache.m"; sourceTree = "<group>"; };
		68F931CF1D07B9BD0006BC8E /* UIView+WebCacheOperation.h */ = {isa = PBXFileReference; fileEncoding = 4; lastKnownFileType = sourcecode.c.h; path = "UIView+WebCacheOperation.h"; sourceTree = "<group>"; };
		68F931D01D07B9BD0006BC8E /* UIView+WebCacheOperation.m */ = {isa = PBXFileReference; fileEncoding = 4; lastKnownFileType = sourcecode.c.objc; path = "UIView+WebCacheOperation.m"; sourceTree = "<group>"; };
/* End PBXFileReference section */

/* Begin PBXFrameworksBuildPhase section */
		68F931401D07A60E0006BC8E /* Frameworks */ = {
			isa = PBXFrameworksBuildPhase;
			buildActionMask = 2147483647;
			files = (
			);
			runOnlyForDeploymentPostprocessing = 0;
		};
		68F931591D07A60F0006BC8E /* Frameworks */ = {
			isa = PBXFrameworksBuildPhase;
			buildActionMask = 2147483647;
			files = (
			);
			runOnlyForDeploymentPostprocessing = 0;
		};
		68F931641D07A60F0006BC8E /* Frameworks */ = {
			isa = PBXFrameworksBuildPhase;
			buildActionMask = 2147483647;
			files = (
			);
			runOnlyForDeploymentPostprocessing = 0;
		};
/* End PBXFrameworksBuildPhase section */

/* Begin PBXGroup section */
		68F9313A1D07A60E0006BC8E = {
			isa = PBXGroup;
			children = (
				68F931451D07A60E0006BC8E /* cell自适应 */,
				68F9315F1D07A60F0006BC8E /* cell自适应Tests */,
				68F9316A1D07A60F0006BC8E /* cell自适应UITests */,
				68F931441D07A60E0006BC8E /* Products */,
			);
			sourceTree = "<group>";
		};
		68F931441D07A60E0006BC8E /* Products */ = {
			isa = PBXGroup;
			children = (
				68F931431D07A60E0006BC8E /* cell自适应.app */,
				68F9315C1D07A60F0006BC8E /* cell自适应Tests.xctest */,
				68F931671D07A60F0006BC8E /* cell自适应UITests.xctest */,
			);
			name = Products;
			sourceTree = "<group>";
		};
		68F931451D07A60E0006BC8E /* cell自适应 */ = {
			isa = PBXGroup;
			children = (
				68F931491D07A60E0006BC8E /* AppDelegate.h */,
				68F9314A1D07A60E0006BC8E /* AppDelegate.m */,
				68F9314C1D07A60E0006BC8E /* ViewController.h */,
				68F9314D1D07A60E0006BC8E /* ViewController.m */,
				68F931AF1D07B9BD0006BC8E /* SDWebImageNew */,
				68F931AC1D07B18C0006BC8E /* DataModel.h */,
				68F931AD1D07B18C0006BC8E /* DataModel.m */,
				68F931791D07A92D0006BC8E /* AFNetwork3.0 */,
				68F9314F1D07A60E0006BC8E /* Main.storyboard */,
				68F931521D07A60E0006BC8E /* Assets.xcassets */,
				68F931541D07A60E0006BC8E /* LaunchScreen.storyboard */,
				68F931571D07A60E0006BC8E /* Info.plist */,
				68F931461D07A60E0006BC8E /* Supporting Files */,
			);
			path = "cell自适应";
			sourceTree = "<group>";
		};
		68F931461D07A60E0006BC8E /* Supporting Files */ = {
			isa = PBXGroup;
			children = (
				68F931471D07A60E0006BC8E /* main.m */,
			);
			name = "Supporting Files";
			sourceTree = "<group>";
		};
		68F9315F1D07A60F0006BC8E /* cell自适应Tests */ = {
			isa = PBXGroup;
			children = (
				68F931601D07A60F0006BC8E /* cell___Tests.m */,
				68F931621D07A60F0006BC8E /* Info.plist */,
			);
			path = "cell自适应Tests";
			sourceTree = "<group>";
		};
		68F9316A1D07A60F0006BC8E /* cell自适应UITests */ = {
			isa = PBXGroup;
			children = (
				68F9316B1D07A60F0006BC8E /* cell___UITests.m */,
				68F9316D1D07A60F0006BC8E /* Info.plist */,
			);
			path = "cell自适应UITests";
			sourceTree = "<group>";
		};
		68F931791D07A92D0006BC8E /* AFNetwork3.0 */ = {
			isa = PBXGroup;
			children = (
				68F9317A1D07A92D0006BC8E /* AFNetworking */,
				68F931881D07A92D0006BC8E /* UIKit+AFNetworking */,
			);
			path = AFNetwork3.0;
			sourceTree = "<group>";
		};
		68F9317A1D07A92D0006BC8E /* AFNetworking */ = {
			isa = PBXGroup;
			children = (
				68F9317B1D07A92D0006BC8E /* AFHTTPSessionManager.h */,
				68F9317C1D07A92D0006BC8E /* AFHTTPSessionManager.m */,
				68F9317D1D07A92D0006BC8E /* AFNetworking.h */,
				68F9317E1D07A92D0006BC8E /* AFNetworkReachabilityManager.h */,
				68F9317F1D07A92D0006BC8E /* AFNetworkReachabilityManager.m */,
				68F931801D07A92D0006BC8E /* AFSecurityPolicy.h */,
				68F931811D07A92D0006BC8E /* AFSecurityPolicy.m */,
				68F931821D07A92D0006BC8E /* AFURLRequestSerialization.h */,
				68F931831D07A92D0006BC8E /* AFURLRequestSerialization.m */,
				68F931841D07A92D0006BC8E /* AFURLResponseSerialization.h */,
				68F931851D07A92D0006BC8E /* AFURLResponseSerialization.m */,
				68F931861D07A92D0006BC8E /* AFURLSessionManager.h */,
				68F931871D07A92D0006BC8E /* AFURLSessionManager.m */,
			);
			path = AFNetworking;
			sourceTree = "<group>";
		};
		68F931881D07A92D0006BC8E /* UIKit+AFNetworking */ = {
			isa = PBXGroup;
			children = (
				68F931891D07A92D0006BC8E /* AFAutoPurgingImageCache.h */,
				68F9318A1D07A92D0006BC8E /* AFAutoPurgingImageCache.m */,
				68F9318B1D07A92D0006BC8E /* AFImageDownloader.h */,
				68F9318C1D07A92D0006BC8E /* AFImageDownloader.m */,
				68F9318D1D07A92D0006BC8E /* AFNetworkActivityIndicatorManager.h */,
				68F9318E1D07A92D0006BC8E /* AFNetworkActivityIndicatorManager.m */,
				68F9318F1D07A92D0006BC8E /* UIActivityIndicatorView+AFNetworking.h */,
				68F931901D07A92D0006BC8E /* UIActivityIndicatorView+AFNetworking.m */,
				68F931911D07A92D0006BC8E /* UIButton+AFNetworking.h */,
				68F931921D07A92D0006BC8E /* UIButton+AFNetworking.m */,
				68F931931D07A92D0006BC8E /* UIImage+AFNetworking.h */,
				68F931941D07A92D0006BC8E /* UIImageView+AFNetworking.h */,
				68F931951D07A92D0006BC8E /* UIImageView+AFNetworking.m */,
				68F931961D07A92D0006BC8E /* UIKit+AFNetworking.h */,
				68F931971D07A92D0006BC8E /* UIProgressView+AFNetworking.h */,
				68F931981D07A92D0006BC8E /* UIProgressView+AFNetworking.m */,
				68F931991D07A92D0006BC8E /* UIRefreshControl+AFNetworking.h */,
				68F9319A1D07A92D0006BC8E /* UIRefreshControl+AFNetworking.m */,
				68F9319B1D07A92D0006BC8E /* UIWebView+AFNetworking.h */,
				68F9319C1D07A92D0006BC8E /* UIWebView+AFNetworking.m */,
			);
			path = "UIKit+AFNetworking";
			sourceTree = "<group>";
		};
		68F931AF1D07B9BD0006BC8E /* SDWebImageNew */ = {
			isa = PBXGroup;
			children = (
				68F931B01D07B9BD0006BC8E /* MKAnnotationView+WebCache.h */,
				68F931B11D07B9BD0006BC8E /* MKAnnotationView+WebCache.m */,
				68F931B21D07B9BD0006BC8E /* NSData+ImageContentType.h */,
				68F931B31D07B9BD0006BC8E /* NSData+ImageContentType.m */,
				68F931B41D07B9BD0006BC8E /* SDImageCache.h */,
				68F931B51D07B9BD0006BC8E /* SDImageCache.m */,
				68F931B61D07B9BD0006BC8E /* SDWebImageCompat.h */,
				68F931B71D07B9BD0006BC8E /* SDWebImageCompat.m */,
				68F931B81D07B9BD0006BC8E /* SDWebImageDecoder.h */,
				68F931B91D07B9BD0006BC8E /* SDWebImageDecoder.m */,
				68F931BA1D07B9BD0006BC8E /* SDWebImageDownloader.h */,
				68F931BB1D07B9BD0006BC8E /* SDWebImageDownloader.m */,
				68F931BC1D07B9BD0006BC8E /* SDWebImageDownloaderOperation.h */,
				68F931BD1D07B9BD0006BC8E /* SDWebImageDownloaderOperation.m */,
				68F931BE1D07B9BD0006BC8E /* SDWebImageManager.h */,
				68F931BF1D07B9BD0006BC8E /* SDWebImageManager.m */,
				68F931C01D07B9BD0006BC8E /* SDWebImageOperation.h */,
				68F931C11D07B9BD0006BC8E /* SDWebImagePrefetcher.h */,
				68F931C21D07B9BD0006BC8E /* SDWebImagePrefetcher.m */,
				68F931C31D07B9BD0006BC8E /* UIButton+WebCache.h */,
				68F931C41D07B9BD0006BC8E /* UIButton+WebCache.m */,
				68F931C51D07B9BD0006BC8E /* UIImage+GIF.h */,
				68F931C61D07B9BD0006BC8E /* UIImage+GIF.m */,
				68F931C71D07B9BD0006BC8E /* UIImage+MultiFormat.h */,
				68F931C81D07B9BD0006BC8E /* UIImage+MultiFormat.m */,
				68F931C91D07B9BD0006BC8E /* UIImage+WebP.h */,
				68F931CA1D07B9BD0006BC8E /* UIImage+WebP.m */,
				68F931CB1D07B9BD0006BC8E /* UIImageView+HighlightedWebCache.h */,
				68F931CC1D07B9BD0006BC8E /* UIImageView+HighlightedWebCache.m */,
				68F931CD1D07B9BD0006BC8E /* UIImageView+WebCache.h */,
				68F931CE1D07B9BD0006BC8E /* UIImageView+WebCache.m */,
				68F931CF1D07B9BD0006BC8E /* UIView+WebCacheOperation.h */,
				68F931D01D07B9BD0006BC8E /* UIView+WebCacheOperation.m */,
			);
			path = SDWebImageNew;
			sourceTree = "<group>";
		};
/* End PBXGroup section */

/* Begin PBXNativeTarget section */
		68F931421D07A60E0006BC8E /* cell自适应 */ = {
			isa = PBXNativeTarget;
			buildConfigurationList = 68F931701D07A60F0006BC8E /* Build configuration list for PBXNativeTarget "cell自适应" */;
			buildPhases = (
				68F9313F1D07A60E0006BC8E /* Sources */,
				68F931401D07A60E0006BC8E /* Frameworks */,
				68F931411D07A60E0006BC8E /* Resources */,
			);
			buildRules = (
			);
			dependencies = (
			);
			name = "cell自适应";
			productName = "cell自适应";
			productReference = 68F931431D07A60E0006BC8E /* cell自适应.app */;
			productType = "com.apple.product-type.application";
		};
		68F9315B1D07A60F0006BC8E /* cell自适应Tests */ = {
			isa = PBXNativeTarget;
			buildConfigurationList = 68F931731D07A60F0006BC8E /* Build configuration list for PBXNativeTarget "cell自适应Tests" */;
			buildPhases = (
				68F931581D07A60F0006BC8E /* Sources */,
				68F931591D07A60F0006BC8E /* Frameworks */,
				68F9315A1D07A60F0006BC8E /* Resources */,
			);
			buildRules = (
			);
			dependencies = (
				68F9315E1D07A60F0006BC8E /* PBXTargetDependency */,
			);
			name = "cell自适应Tests";
			productName = "cell自适应Tests";
			productReference = 68F9315C1D07A60F0006BC8E /* cell自适应Tests.xctest */;
			productType = "com.apple.product-type.bundle.unit-test";
		};
		68F931661D07A60F0006BC8E /* cell自适应UITests */ = {
			isa = PBXNativeTarget;
			buildConfigurationList = 68F931761D07A60F0006BC8E /* Build configuration list for PBXNativeTarget "cell自适应UITests" */;
			buildPhases = (
				68F931631D07A60F0006BC8E /* Sources */,
				68F931641D07A60F0006BC8E /* Frameworks */,
				68F931651D07A60F0006BC8E /* Resources */,
			);
			buildRules = (
			);
			dependencies = (
				68F931691D07A60F0006BC8E /* PBXTargetDependency */,
			);
			name = "cell自适应UITests";
			productName = "cell自适应UITests";
			productReference = 68F931671D07A60F0006BC8E /* cell自适应UITests.xctest */;
			productType = "com.apple.product-type.bundle.ui-testing";
		};
/* End PBXNativeTarget section */

/* Begin PBXProject section */
		68F9313B1D07A60E0006BC8E /* Project object */ = {
			isa = PBXProject;
			attributes = {
				LastUpgradeCheck = 0730;
				ORGANIZATIONNAME = CodingFire;
				TargetAttributes = {
					68F931421D07A60E0006BC8E = {
						CreatedOnToolsVersion = 7.3.1;
					};
					68F9315B1D07A60F0006BC8E = {
						CreatedOnToolsVersion = 7.3.1;
						TestTargetID = 68F931421D07A60E0006BC8E;
					};
					68F931661D07A60F0006BC8E = {
						CreatedOnToolsVersion = 7.3.1;
						TestTargetID = 68F931421D07A60E0006BC8E;
					};
				};
			};
			buildConfigurationList = 68F9313E1D07A60E0006BC8E /* Build configuration list for PBXProject "cell自适应" */;
			compatibilityVersion = "Xcode 3.2";
			developmentRegion = English;
			hasScannedForEncodings = 0;
			knownRegions = (
				en,
				Base,
			);
			mainGroup = 68F9313A1D07A60E0006BC8E;
			productRefGroup = 68F931441D07A60E0006BC8E /* Products */;
			projectDirPath = "";
			projectRoot = "";
			targets = (
				68F931421D07A60E0006BC8E /* cell自适应 */,
				68F9315B1D07A60F0006BC8E /* cell自适应Tests */,
				68F931661D07A60F0006BC8E /* cell自适应UITests */,
			);
		};
/* End PBXProject section */

/* Begin PBXResourcesBuildPhase section */
		68F931411D07A60E0006BC8E /* Resources */ = {
			isa = PBXResourcesBuildPhase;
			buildActionMask = 2147483647;
			files = (
				68F931561D07A60E0006BC8E /* LaunchScreen.storyboard in Resources */,
				68F931531D07A60E0006BC8E /* Assets.xcassets in Resources */,
				68F931511D07A60E0006BC8E /* Main.storyboard in Resources */,
			);
			runOnlyForDeploymentPostprocessing = 0;
		};
		68F9315A1D07A60F0006BC8E /* Resources */ = {
			isa = PBXResourcesBuildPhase;
			buildActionMask = 2147483647;
			files = (
			);
			runOnlyForDeploymentPostprocessing = 0;
		};
		68F931651D07A60F0006BC8E /* Resources */ = {
			isa = PBXResourcesBuildPhase;
			buildActionMask = 2147483647;
			files = (
			);
			runOnlyForDeploymentPostprocessing = 0;
		};
/* End PBXResourcesBuildPhase section */

/* Begin PBXSourcesBuildPhase section */
		68F9313F1D07A60E0006BC8E /* Sources */ = {
			isa = PBXSourcesBuildPhase;
			buildActionMask = 2147483647;
			files = (
				68F931A91D07A92D0006BC8E /* UIProgressView+AFNetworking.m in Sources */,
				68F931D91D07B9BD0006BC8E /* SDWebImagePrefetcher.m in Sources */,
				68F931A21D07A92D0006BC8E /* AFURLSessionManager.m in Sources */,
				68F931DD1D07B9BD0006BC8E /* UIImage+WebP.m in Sources */,
				68F931DF1D07B9BD0006BC8E /* UIImageView+WebCache.m in Sources */,
				68F931D71D07B9BD0006BC8E /* SDWebImageDownloaderOperation.m in Sources */,
				68F931AB1D07A92D0006BC8E /* UIWebView+AFNetworking.m in Sources */,
				68F931DE1D07B9BD0006BC8E /* UIImageView+HighlightedWebCache.m in Sources */,
				68F931A81D07A92D0006BC8E /* UIImageView+AFNetworking.m in Sources */,
				68F931D51D07B9BD0006BC8E /* SDWebImageDecoder.m in Sources */,
				68F931D21D07B9BD0006BC8E /* NSData+ImageContentType.m in Sources */,
				68F9314E1D07A60E0006BC8E /* ViewController.m in Sources */,
				68F931A71D07A92D0006BC8E /* UIButton+AFNetworking.m in Sources */,
				68F931D31D07B9BD0006BC8E /* SDImageCache.m in Sources */,
				68F9314B1D07A60E0006BC8E /* AppDelegate.m in Sources */,
				68F931AE1D07B18C0006BC8E /* DataModel.m in Sources */,
				68F931D81D07B9BD0006BC8E /* SDWebImageManager.m in Sources */,
				68F931E01D07B9BD0006BC8E /* UIView+WebCacheOperation.m in Sources */,
				68F9319E1D07A92D0006BC8E /* AFNetworkReachabilityManager.m in Sources */,
				68F931AA1D07A92D0006BC8E /* UIRefreshControl+AFNetworking.m in Sources */,
				68F931481D07A60E0006BC8E /* main.m in Sources */,
				68F931D61D07B9BD0006BC8E /* SDWebImageDownloader.m in Sources */,
				68F931DB1D07B9BD0006BC8E /* UIImage+GIF.m in Sources */,
				68F931A31D07A92D0006BC8E /* AFAutoPurgingImageCache.m in Sources */,
				68F9319F1D07A92D0006BC8E /* AFSecurityPolicy.m in Sources */,
				68F931D11D07B9BD0006BC8E /* MKAnnotationView+WebCache.m in Sources */,
				68F931A01D07A92D0006BC8E /* AFURLRequestSerialization.m in Sources */,
				68F931A51D07A92D0006BC8E /* AFNetworkActivityIndicatorManager.m in Sources */,
				68F931DC1D07B9BD0006BC8E /* UIImage+MultiFormat.m in Sources */,
				68F931A11D07A92D0006BC8E /* AFURLResponseSerialization.m in Sources */,
				68F931D41D07B9BD0006BC8E /* SDWebImageCompat.m in Sources */,
				68F9319D1D07A92D0006BC8E /* AFHTTPSessionManager.m in Sources */,
				68F931A41D07A92D0006BC8E /* AFImageDownloader.m in Sources */,
				68F931DA1D07B9BD0006BC8E /* UIButton+WebCache.m in Sources */,
				68F931A61D07A92D0006BC8E /* UIActivityIndicatorView+AFNetworking.m in Sources */,
			);
			runOnlyForDeploymentPostprocessing = 0;
		};
		68F931581D07A60F0006BC8E /* Sources */ = {
			isa = PBXSourcesBuildPhase;
			buildActionMask = 2147483647;
			files = (
				68F931611D07A60F0006BC8E /* cell___Tests.m in Sources */,
			);
			runOnlyForDeploymentPostprocessing = 0;
		};
		68F931631D07A60F0006BC8E /* Sources */ = {
			isa = PBXSourcesBuildPhase;
			buildActionMask = 2147483647;
			files = (
				68F9316C1D07A60F0006BC8E /* cell___UITests.m in Sources */,
			);
			runOnlyForDeploymentPostprocessing = 0;
		};
/* End PBXSourcesBuildPhase section */

/* Begin PBXTargetDependency section */
		68F9315E1D07A60F0006BC8E /* PBXTargetDependency */ = {
			isa = PBXTargetDependency;
			target = 68F931421D07A60E0006BC8E /* cell自适应 */;
			targetProxy = 68F9315D1D07A60F0006BC8E /* PBXContainerItemProxy */;
		};
		68F931691D07A60F0006BC8E /* PBXTargetDependency */ = {
			isa = PBXTargetDependency;
			target = 68F931421D07A60E0006BC8E /* cell自适应 */;
			targetProxy = 68F931681D07A60F0006BC8E /* PBXContainerItemProxy */;
		};
/* End PBXTargetDependency section */

/* Begin PBXVariantGroup section */
		68F9314F1D07A60E0006BC8E /* Main.storyboard */ = {
			isa = PBXVariantGroup;
			children = (
				68F931501D07A60E0006BC8E /* Base */,
			);
			name = Main.storyboard;
			sourceTree = "<group>";
		};
		68F931541D07A60E0006BC8E /* LaunchScreen.storyboard */ = {
			isa = PBXVariantGroup;
			children = (
				68F931551D07A60E0006BC8E /* Base */,
			);
			name = LaunchScreen.storyboard;
			sourceTree = "<group>";
		};
/* End PBXVariantGroup section */

/* Begin XCBuildConfiguration section */
		68F9316E1D07A60F0006BC8E /* Debug */ = {
			isa = XCBuildConfiguration;
			buildSettings = {
				ALWAYS_SEARCH_USER_PATHS = NO;
				CLANG_ANALYZER_NONNULL = YES;
				CLANG_CXX_LANGUAGE_STANDARD = "gnu++0x";
				CLANG_CXX_LIBRARY = "libc++";
				CLANG_ENABLE_MODULES = YES;
				CLANG_ENABLE_OBJC_ARC = YES;
				CLANG_WARN_BOOL_CONVERSION = YES;
				CLANG_WARN_CONSTANT_CONVERSION = YES;
				CLANG_WARN_DIRECT_OBJC_ISA_USAGE = YES_ERROR;
				CLANG_WARN_EMPTY_BODY = YES;
				CLANG_WARN_ENUM_CONVERSION = YES;
				CLANG_WARN_INT_CONVERSION = YES;
				CLANG_WARN_OBJC_ROOT_CLASS = YES_ERROR;
				CLANG_WARN_UNREACHABLE_CODE = YES;
				CLANG_WARN__DUPLICATE_METHOD_MATCH = YES;
				"CODE_SIGN_IDENTITY[sdk=iphoneos*]" = "iPhone Developer";
				COPY_PHASE_STRIP = NO;
				DEBUG_INFORMATION_FORMAT = dwarf;
				ENABLE_STRICT_OBJC_MSGSEND = YES;
				ENABLE_TESTABILITY = YES;
				GCC_C_LANGUAGE_STANDARD = gnu99;
				GCC_DYNAMIC_NO_PIC = NO;
				GCC_NO_COMMON_BLOCKS = YES;
				GCC_OPTIMIZATION_LEVEL = 0;
				GCC_PREPROCESSOR_DEFINITIONS = (
					"DEBUG=1",
					"$(inherited)",
				);
				GCC_WARN_64_TO_32_BIT_CONVERSION = YES;
				GCC_WARN_ABOUT_RETURN_TYPE = YES_ERROR;
				GCC_WARN_UNDECLARED_SELECTOR = YES;
				GCC_WARN_UNINITIALIZED_AUTOS = YES_AGGRESSIVE;
				GCC_WARN_UNUSED_FUNCTION = YES;
				GCC_WARN_UNUSED_VARIABLE = YES;
				IPHONEOS_DEPLOYMENT_TARGET = 9.3;
				MTL_ENABLE_DEBUG_INFO = YES;
				ONLY_ACTIVE_ARCH = YES;
				SDKROOT = iphoneos;
			};
			name = Debug;
		};
		68F9316F1D07A60F0006BC8E /* Release */ = {
			isa = XCBuildConfiguration;
			buildSettings = {
				ALWAYS_SEARCH_USER_PATHS = NO;
				CLANG_ANALYZER_NONNULL = YES;
				CLANG_CXX_LANGUAGE_STANDARD = "gnu++0x";
				CLANG_CXX_LIBRARY = "libc++";
				CLANG_ENABLE_MODULES = YES;
				CLANG_ENABLE_OBJC_ARC = YES;
				CLANG_WARN_BOOL_CONVERSION = YES;
				CLANG_WARN_CONSTANT_CONVERSION = YES;
				CLANG_WARN_DIRECT_OBJC_ISA_USAGE = YES_ERROR;
				CLANG_WARN_EMPTY_BODY = YES;
				CLANG_WARN_ENUM_CONVERSION = YES;
				CLANG_WARN_INT_CONVERSION = YES;
				CLANG_WARN_OBJC_ROOT_CLASS = YES_ERROR;
				CLANG_WARN_UNREACHABLE_CODE = YES;
				CLANG_WARN__DUPLICATE_METHOD_MATCH = YES;
				"CODE_SIGN_IDENTITY[sdk=iphoneos*]" = "iPhone Developer";
				COPY_PHASE_STRIP = NO;
				DEBUG_INFORMATION_FORMAT = "dwarf-with-dsym";
				ENABLE_NS_ASSERTIONS = NO;
				ENABLE_STRICT_OBJC_MSGSEND = YES;
				GCC_C_LANGUAGE_STANDARD = gnu99;
				GCC_NO_COMMON_BLOCKS = YES;
				GCC_WARN_64_TO_32_BIT_CONVERSION = YES;
				GCC_WARN_ABOUT_RETURN_TYPE = YES_ERROR;
				GCC_WARN_UNDECLARED_SELECTOR = YES;
				GCC_WARN_UNINITIALIZED_AUTOS = YES_AGGRESSIVE;
				GCC_WARN_UNUSED_FUNCTION = YES;
				GCC_WARN_UNUSED_VARIABLE = YES;
				IPHONEOS_DEPLOYMENT_TARGET = 9.3;
				MTL_ENABLE_DEBUG_INFO = NO;
				SDKROOT = iphoneos;
				VALIDATE_PRODUCT = YES;
			};
			name = Release;
		};
		68F931711D07A60F0006BC8E /* Debug */ = {
			isa = XCBuildConfiguration;
			buildSettings = {
				ASSETCATALOG_COMPILER_APPICON_NAME = AppIcon;
				INFOPLIST_FILE = "cell自适应/Info.plist";
				LD_RUNPATH_SEARCH_PATHS = "$(inherited) @executable_path/Frameworks";
				PRODUCT_BUNDLE_IDENTIFIER = "Codeliu.cell---";
				PRODUCT_NAME = "$(TARGET_NAME)";
			};
			name = Debug;
		};
		68F931721D07A60F0006BC8E /* Release */ = {
			isa = XCBuildConfiguration;
			buildSettings = {
				ASSETCATALOG_COMPILER_APPICON_NAME = AppIcon;
				INFOPLIST_FILE = "cell自适应/Info.plist";
				LD_RUNPATH_SEARCH_PATHS = "$(inherited) @executable_path/Frameworks";
				PRODUCT_BUNDLE_IDENTIFIER = "Codeliu.cell---";
				PRODUCT_NAME = "$(TARGET_NAME)";
			};
			name = Release;
		};
		68F931741D07A60F0006BC8E /* Debug */ = {
			isa = XCBuildConfiguration;
			buildSettings = {
				BUNDLE_LOADER = "$(TEST_HOST)";
				INFOPLIST_FILE = "cell自适应Tests/Info.plist";
				LD_RUNPATH_SEARCH_PATHS = "$(inherited) @executable_path/Frameworks @loader_path/Frameworks";
				PRODUCT_BUNDLE_IDENTIFIER = "Codeliu.cell---Tests";
				PRODUCT_NAME = "$(TARGET_NAME)";
				TEST_HOST = "$(BUILT_PRODUCTS_DIR)/cell自适应.app/cell自适应";
			};
			name = Debug;
		};
		68F931751D07A60F0006BC8E /* Release */ = {
			isa = XCBuildConfiguration;
			buildSettings = {
				BUNDLE_LOADER = "$(TEST_HOST)";
				INFOPLIST_FILE = "cell自适应Tests/Info.plist";
				LD_RUNPATH_SEARCH_PATHS = "$(inherited) @executable_path/Frameworks @loader_path/Frameworks";
				PRODUCT_BUNDLE_IDENTIFIER = "Codeliu.cell---Tests";
				PRODUCT_NAME = "$(TARGET_NAME)";
				TEST_HOST = "$(BUILT_PRODUCTS_DIR)/cell自适应.app/cell自适应";
			};
			name = Release;
		};
		68F931771D07A60F0006BC8E /* Debug */ = {
			isa = XCBuildConfiguration;
			buildSettings = {
				INFOPLIST_FILE = "cell自适应UITests/Info.plist";
				LD_RUNPATH_SEARCH_PATHS = "$(inherited) @executable_path/Frameworks @loader_path/Frameworks";
				PRODUCT_BUNDLE_IDENTIFIER = "Codeliu.cell---UITests";
				PRODUCT_NAME = "$(TARGET_NAME)";
				TEST_TARGET_NAME = "cell自适应";
			};
			name = Debug;
		};
		68F931781D07A60F0006BC8E /* Release */ = {
			isa = XCBuildConfiguration;
			buildSettings = {
				INFOPLIST_FILE = "cell自适应UITests/Info.plist";
				LD_RUNPATH_SEARCH_PATHS = "$(inherited) @executable_path/Frameworks @loader_path/Frameworks";
				PRODUCT_BUNDLE_IDENTIFIER = "Codeliu.cell---UITests";
				PRODUCT_NAME = "$(TARGET_NAME)";
				TEST_TARGET_NAME = "cell自适应";
			};
			name = Release;
		};
/* End XCBuildConfiguration section */

/* Begin XCConfigurationList section */
		68F9313E1D07A60E0006BC8E /* Build configuration list for PBXProject "cell自适应" */ = {
			isa = XCConfigurationList;
			buildConfigurations = (
				68F9316E1D07A60F0006BC8E /* Debug */,
				68F9316F1D07A60F0006BC8E /* Release */,
			);
			defaultConfigurationIsVisible = 0;
			defaultConfigurationName = Release;
		};
		68F931701D07A60F0006BC8E /* Build configuration list for PBXNativeTarget "cell自适应" */ = {
			isa = XCConfigurationList;
			buildConfigurations = (
				68F931711D07A60F0006BC8E /* Debug */,
				68F931721D07A60F0006BC8E /* Release */,
			);
			defaultConfigurationIsVisible = 0;
		};
		68F931731D07A60F0006BC8E /* Build configuration list for PBXNativeTarget "cell自适应Tests" */ = {
			isa = XCConfigurationList;
			buildConfigurations = (
				68F931741D07A60F0006BC8E /* Debug */,
				68F931751D07A60F0006BC8E /* Release */,
			);
			defaultConfigurationIsVisible = 0;
		};
		68F931761D07A60F0006BC8E /* Build configuration list for PBXNativeTarget "cell自适应UITests" */ = {
			isa = XCConfigurationList;
			buildConfigurations = (
				68F931771D07A60F0006BC8E /* Debug */,
				68F931781D07A60F0006BC8E /* Release */,
			);
			defaultConfigurationIsVisible = 0;
		};
/* End XCConfigurationList section */
	};
	rootObject = 68F9313B1D07A60E0006BC8E /* Project object */;
}
